
Microsoft Visual Studio Solution File, Format Version 12.00
# Visual Studio Version 16
VisualStudioVersion = 16.0.31402.337
MinimumVisualStudioVersion = 10.0.40219.1
Project("{D954291E-2A0B-460D-934E-DC6B0785DB48}") = "ToolsUno.Shared", "ToolsUno\ToolsUno.Shared\ToolsUno.Shared.shproj", "{6279C845-92F8-4333-AB99-3D213163593C}"
EndProject
Project("{2150E333-8FDC-42A3-9474-1A3956D46DE8}") = "Platforms", "Platforms", "{B43090F9-32B9-436F-A732-4A20A6F8C120}"
EndProject
Project("{FAE04EC0-301F-11D3-BF4B-00C04F79EFBC}") = "ToolsUno.Droid", "ToolsUno\ToolsUno.Droid\ToolsUno.Droid.csproj", "{8E560C34-973B-4524-BB1D-66E114DC66F4}"
EndProject
Project("{FAE04EC0-301F-11D3-BF4B-00C04F79EFBC}") = "ToolsUno.iOS", "ToolsUno\ToolsUno.iOS\ToolsUno.iOS.csproj", "{02574418-B7C7-40B7-93FE-9B627B075594}"
EndProject
Project("{FAE04EC0-301F-11D3-BF4B-00C04F79EFBC}") = "ToolsUno.UWP", "ToolsUno\ToolsUno.UWP\ToolsUno.UWP.csproj", "{58623181-4F92-47C4-B003-96F159815A7A}"
EndProject
Project("{FAE04EC0-301F-11D3-BF4B-00C04F79EFBC}") = "ToolsUno.Wasm", "ToolsUno\ToolsUno.Wasm\ToolsUno.Wasm.csproj", "{0A9633AF-180B-458E-AB2B-5D0C3D8F5CE2}"
EndProject
Project("{FAE04EC0-301F-11D3-BF4B-00C04F79EFBC}") = "ToolsUno.macOS", "ToolsUno\ToolsUno.macOS\ToolsUno.macOS.csproj", "{D4CF2463-0175-4C3F-B247-3E2234F61EDB}"
EndProject
Project("{FAE04EC0-301F-11D3-BF4B-00C04F79EFBC}") = "ToolsUno.Skia.Wpf.Host", "ToolsUno\ToolsUno.Skia.Wpf.Host\ToolsUno.Skia.Wpf.Host.csproj", "{AD03C72C-57B6-429E-A1F5-DD5A6B61A2D5}"
EndProject
Project("{FAE04EC0-301F-11D3-BF4B-00C04F79EFBC}") = "ToolsUno.Skia.Wpf", "ToolsUno\ToolsUno.Skia.Wpf\ToolsUno.Skia.Wpf.csproj", "{338345F3-841A-490E-A5EB-C37744A62457}"
EndProject
Project("{FAE04EC0-301F-11D3-BF4B-00C04F79EFBC}") = "ToolsUno.Skia.Gtk", "ToolsUno\ToolsUno.Skia.Gtk\ToolsUno.Skia.Gtk.csproj", "{8DA4D22C-246F-4294-B533-561D0B5F514F}"
EndProject
Project("{FAE04EC0-301F-11D3-BF4B-00C04F79EFBC}") = "ToolsUno.Skia.Tizen", "ToolsUno\ToolsUno.Skia.Tizen\ToolsUno.Skia.Tizen.csproj", "{059F644F-E0DC-42ED-8BFB-BAF916EDDAF6}"
EndProject
Global
	GlobalSection(SharedMSBuildProjectFiles) = preSolution
		ToolsUno\ToolsUno.Shared\ToolsUno.Shared.projitems*{02574418-b7c7-40b7-93fe-9b627b075594}*SharedItemsImports = 4
		ToolsUno\ToolsUno.Shared\ToolsUno.Shared.projitems*{059f644f-e0dc-42ed-8bfb-baf916eddaf6}*SharedItemsImports = 5
		ToolsUno\ToolsUno.Shared\ToolsUno.Shared.projitems*{0a9633af-180b-458e-ab2b-5d0c3d8f5ce2}*SharedItemsImports = 5
		ToolsUno\ToolsUno.Shared\ToolsUno.Shared.projitems*{338345f3-841a-490e-a5eb-c37744a62457}*SharedItemsImports = 5
		ToolsUno\ToolsUno.Shared\ToolsUno.Shared.projitems*{58623181-4f92-47c4-b003-96f159815a7a}*SharedItemsImports = 4
		ToolsUno\ToolsUno.Shared\ToolsUno.Shared.projitems*{6279c845-92f8-4333-ab99-3d213163593c}*SharedItemsImports = 13
		ToolsUno\ToolsUno.Shared\ToolsUno.Shared.projitems*{8da4d22c-246f-4294-b533-561d0b5f514f}*SharedItemsImports = 5
		ToolsUno\ToolsUno.Shared\ToolsUno.Shared.projitems*{8e560c34-973b-4524-bb1d-66e114dc66f4}*SharedItemsImports = 4
		ToolsUno\ToolsUno.Shared\ToolsUno.Shared.projitems*{d4cf2463-0175-4c3f-b247-3e2234f61edb}*SharedItemsImports = 4
	EndGlobalSection
	GlobalSection(SolutionConfigurationPlatforms) = preSolution
		Ad-Hoc|Any CPU = Ad-Hoc|Any CPU
		Ad-Hoc|ARM = Ad-Hoc|ARM
		Ad-Hoc|ARM64 = Ad-Hoc|ARM64
		Ad-Hoc|iPhone = Ad-Hoc|iPhone
		Ad-Hoc|iPhoneSimulator = Ad-Hoc|iPhoneSimulator
		Ad-Hoc|x64 = Ad-Hoc|x64
		Ad-Hoc|x86 = Ad-Hoc|x86
		AppStore|Any CPU = AppStore|Any CPU
		AppStore|ARM = AppStore|ARM
		AppStore|ARM64 = AppStore|ARM64
		AppStore|iPhone = AppStore|iPhone
		AppStore|iPhoneSimulator = AppStore|iPhoneSimulator
		AppStore|x64 = AppStore|x64
		AppStore|x86 = AppStore|x86
		Debug|Any CPU = Debug|Any CPU
		Debug|ARM = Debug|ARM
		Debug|ARM64 = Debug|ARM64
		Debug|iPhone = Debug|iPhone
		Debug|iPhoneSimulator = Debug|iPhoneSimulator
		Debug|x64 = Debug|x64
		Debug|x86 = Debug|x86
		Release|Any CPU = Release|Any CPU
		Release|ARM = Release|ARM
		Release|ARM64 = Release|ARM64
		Release|iPhone = Release|iPhone
		Release|iPhoneSimulator = Release|iPhoneSimulator
		Release|x64 = Release|x64
		Release|x86 = Release|x86
	EndGlobalSection
	GlobalSection(ProjectConfigurationPlatforms) = postSolution
		{8E560C34-973B-4524-BB1D-66E114DC66F4}.Ad-Hoc|Any CPU.ActiveCfg = Debug|Any CPU
		{8E560C34-973B-4524-BB1D-66E114DC66F4}.Ad-Hoc|Any CPU.Build.0 = Debug|Any CPU
		{8E560C34-973B-4524-BB1D-66E114DC66F4}.Ad-Hoc|Any CPU.Deploy.0 = Debug|Any CPU
		{8E560C34-973B-4524-BB1D-66E114DC66F4}.Ad-Hoc|ARM.ActiveCfg = Debug|Any CPU
		{8E560C34-973B-4524-BB1D-66E114DC66F4}.Ad-Hoc|ARM.Build.0 = Debug|Any CPU
		{8E560C34-973B-4524-BB1D-66E114DC66F4}.Ad-Hoc|ARM.Deploy.0 = Debug|Any CPU
		{8E560C34-973B-4524-BB1D-66E114DC66F4}.Ad-Hoc|ARM64.ActiveCfg = Debug|Any CPU
		{8E560C34-973B-4524-BB1D-66E114DC66F4}.Ad-Hoc|ARM64.Build.0 = Debug|Any CPU
		{8E560C34-973B-4524-BB1D-66E114DC66F4}.Ad-Hoc|ARM64.Deploy.0 = Debug|Any CPU
		{8E560C34-973B-4524-BB1D-66E114DC66F4}.Ad-Hoc|iPhone.ActiveCfg = Debug|Any CPU
		{8E560C34-973B-4524-BB1D-66E114DC66F4}.Ad-Hoc|iPhone.Build.0 = Debug|Any CPU
		{8E560C34-973B-4524-BB1D-66E114DC66F4}.Ad-Hoc|iPhone.Deploy.0 = Debug|Any CPU
		{8E560C34-973B-4524-BB1D-66E114DC66F4}.Ad-Hoc|iPhoneSimulator.ActiveCfg = Debug|Any CPU
		{8E560C34-973B-4524-BB1D-66E114DC66F4}.Ad-Hoc|iPhoneSimulator.Build.0 = Debug|Any CPU
		{8E560C34-973B-4524-BB1D-66E114DC66F4}.Ad-Hoc|iPhoneSimulator.Deploy.0 = Debug|Any CPU
		{8E560C34-973B-4524-BB1D-66E114DC66F4}.Ad-Hoc|x64.ActiveCfg = Debug|Any CPU
		{8E560C34-973B-4524-BB1D-66E114DC66F4}.Ad-Hoc|x64.Build.0 = Debug|Any CPU
		{8E560C34-973B-4524-BB1D-66E114DC66F4}.Ad-Hoc|x64.Deploy.0 = Debug|Any CPU
		{8E560C34-973B-4524-BB1D-66E114DC66F4}.Ad-Hoc|x86.ActiveCfg = Debug|Any CPU
		{8E560C34-973B-4524-BB1D-66E114DC66F4}.Ad-Hoc|x86.Build.0 = Debug|Any CPU
		{8E560C34-973B-4524-BB1D-66E114DC66F4}.Ad-Hoc|x86.Deploy.0 = Debug|Any CPU
		{8E560C34-973B-4524-BB1D-66E114DC66F4}.AppStore|Any CPU.ActiveCfg = Debug|Any CPU
		{8E560C34-973B-4524-BB1D-66E114DC66F4}.AppStore|Any CPU.Build.0 = Debug|Any CPU
		{8E560C34-973B-4524-BB1D-66E114DC66F4}.AppStore|Any CPU.Deploy.0 = Debug|Any CPU
		{8E560C34-973B-4524-BB1D-66E114DC66F4}.AppStore|ARM.ActiveCfg = Debug|Any CPU
		{8E560C34-973B-4524-BB1D-66E114DC66F4}.AppStore|ARM.Build.0 = Debug|Any CPU
		{8E560C34-973B-4524-BB1D-66E114DC66F4}.AppStore|ARM.Deploy.0 = Debug|Any CPU
		{8E560C34-973B-4524-BB1D-66E114DC66F4}.AppStore|ARM64.ActiveCfg = Debug|Any CPU
		{8E560C34-973B-4524-BB1D-66E114DC66F4}.AppStore|ARM64.Build.0 = Debug|Any CPU
		{8E560C34-973B-4524-BB1D-66E114DC66F4}.AppStore|ARM64.Deploy.0 = Debug|Any CPU
		{8E560C34-973B-4524-BB1D-66E114DC66F4}.AppStore|iPhone.ActiveCfg = Debug|Any CPU
		{8E560C34-973B-4524-BB1D-66E114DC66F4}.AppStore|iPhone.Build.0 = Debug|Any CPU
		{8E560C34-973B-4524-BB1D-66E114DC66F4}.AppStore|iPhone.Deploy.0 = Debug|Any CPU
		{8E560C34-973B-4524-BB1D-66E114DC66F4}.AppStore|iPhoneSimulator.ActiveCfg = Debug|Any CPU
		{8E560C34-973B-4524-BB1D-66E114DC66F4}.AppStore|iPhoneSimulator.Build.0 = Debug|Any CPU
		{8E560C34-973B-4524-BB1D-66E114DC66F4}.AppStore|iPhoneSimulator.Deploy.0 = Debug|Any CPU
		{8E560C34-973B-4524-BB1D-66E114DC66F4}.AppStore|x64.ActiveCfg = Debug|Any CPU
		{8E560C34-973B-4524-BB1D-66E114DC66F4}.AppStore|x64.Build.0 = Debug|Any CPU
		{8E560C34-973B-4524-BB1D-66E114DC66F4}.AppStore|x64.Deploy.0 = Debug|Any CPU
		{8E560C34-973B-4524-BB1D-66E114DC66F4}.AppStore|x86.ActiveCfg = Debug|Any CPU
		{8E560C34-973B-4524-BB1D-66E114DC66F4}.AppStore|x86.Build.0 = Debug|Any CPU
		{8E560C34-973B-4524-BB1D-66E114DC66F4}.AppStore|x86.Deploy.0 = Debug|Any CPU
		{8E560C34-973B-4524-BB1D-66E114DC66F4}.Debug|Any CPU.ActiveCfg = Debug|Any CPU
		{8E560C34-973B-4524-BB1D-66E114DC66F4}.Debug|Any CPU.Build.0 = Debug|Any CPU
		{8E560C34-973B-4524-BB1D-66E114DC66F4}.Debug|Any CPU.Deploy.0 = Debug|Any CPU
		{8E560C34-973B-4524-BB1D-66E114DC66F4}.Debug|ARM.ActiveCfg = Debug|Any CPU
		{8E560C34-973B-4524-BB1D-66E114DC66F4}.Debug|ARM.Build.0 = Debug|Any CPU
		{8E560C34-973B-4524-BB1D-66E114DC66F4}.Debug|ARM.Deploy.0 = Debug|Any CPU
		{8E560C34-973B-4524-BB1D-66E114DC66F4}.Debug|ARM64.ActiveCfg = Debug|Any CPU
		{8E560C34-973B-4524-BB1D-66E114DC66F4}.Debug|ARM64.Build.0 = Debug|Any CPU
		{8E560C34-973B-4524-BB1D-66E114DC66F4}.Debug|ARM64.Deploy.0 = Debug|Any CPU
		{8E560C34-973B-4524-BB1D-66E114DC66F4}.Debug|iPhone.ActiveCfg = Debug|Any CPU
		{8E560C34-973B-4524-BB1D-66E114DC66F4}.Debug|iPhone.Build.0 = Debug|Any CPU
		{8E560C34-973B-4524-BB1D-66E114DC66F4}.Debug|iPhone.Deploy.0 = Debug|Any CPU
		{8E560C34-973B-4524-BB1D-66E114DC66F4}.Debug|iPhoneSimulator.ActiveCfg = Debug|Any CPU
		{8E560C34-973B-4524-BB1D-66E114DC66F4}.Debug|iPhoneSimulator.Build.0 = Debug|Any CPU
		{8E560C34-973B-4524-BB1D-66E114DC66F4}.Debug|iPhoneSimulator.Deploy.0 = Debug|Any CPU
		{8E560C34-973B-4524-BB1D-66E114DC66F4}.Debug|x64.ActiveCfg = Debug|Any CPU
		{8E560C34-973B-4524-BB1D-66E114DC66F4}.Debug|x64.Build.0 = Debug|Any CPU
		{8E560C34-973B-4524-BB1D-66E114DC66F4}.Debug|x64.Deploy.0 = Debug|Any CPU
		{8E560C34-973B-4524-BB1D-66E114DC66F4}.Debug|x86.ActiveCfg = Debug|Any CPU
		{8E560C34-973B-4524-BB1D-66E114DC66F4}.Debug|x86.Build.0 = Debug|Any CPU
		{8E560C34-973B-4524-BB1D-66E114DC66F4}.Debug|x86.Deploy.0 = Debug|Any CPU
		{8E560C34-973B-4524-BB1D-66E114DC66F4}.Release|Any CPU.ActiveCfg = Release|Any CPU
		{8E560C34-973B-4524-BB1D-66E114DC66F4}.Release|Any CPU.Build.0 = Release|Any CPU
		{8E560C34-973B-4524-BB1D-66E114DC66F4}.Release|Any CPU.Deploy.0 = Release|Any CPU
		{8E560C34-973B-4524-BB1D-66E114DC66F4}.Release|ARM.ActiveCfg = Release|Any CPU
		{8E560C34-973B-4524-BB1D-66E114DC66F4}.Release|ARM.Build.0 = Release|Any CPU
		{8E560C34-973B-4524-BB1D-66E114DC66F4}.Release|ARM.Deploy.0 = Release|Any CPU
		{8E560C34-973B-4524-BB1D-66E114DC66F4}.Release|ARM64.ActiveCfg = Release|Any CPU
		{8E560C34-973B-4524-BB1D-66E114DC66F4}.Release|ARM64.Build.0 = Release|Any CPU
		{8E560C34-973B-4524-BB1D-66E114DC66F4}.Release|ARM64.Deploy.0 = Release|Any CPU
		{8E560C34-973B-4524-BB1D-66E114DC66F4}.Release|iPhone.ActiveCfg = Release|Any CPU
		{8E560C34-973B-4524-BB1D-66E114DC66F4}.Release|iPhone.Build.0 = Release|Any CPU
		{8E560C34-973B-4524-BB1D-66E114DC66F4}.Release|iPhone.Deploy.0 = Release|Any CPU
		{8E560C34-973B-4524-BB1D-66E114DC66F4}.Release|iPhoneSimulator.ActiveCfg = Release|Any CPU
		{8E560C34-973B-4524-BB1D-66E114DC66F4}.Release|iPhoneSimulator.Build.0 = Release|Any CPU
		{8E560C34-973B-4524-BB1D-66E114DC66F4}.Release|iPhoneSimulator.Deploy.0 = Release|Any CPU
		{8E560C34-973B-4524-BB1D-66E114DC66F4}.Release|x64.ActiveCfg = Release|Any CPU
		{8E560C34-973B-4524-BB1D-66E114DC66F4}.Release|x64.Build.0 = Release|Any CPU
		{8E560C34-973B-4524-BB1D-66E114DC66F4}.Release|x64.Deploy.0 = Release|Any CPU
		{8E560C34-973B-4524-BB1D-66E114DC66F4}.Release|x86.ActiveCfg = Release|Any CPU
		{8E560C34-973B-4524-BB1D-66E114DC66F4}.Release|x86.Build.0 = Release|Any CPU
		{8E560C34-973B-4524-BB1D-66E114DC66F4}.Release|x86.Deploy.0 = Release|Any CPU
		{02574418-B7C7-40B7-93FE-9B627B075594}.Ad-Hoc|Any CPU.ActiveCfg = Ad-Hoc|iPhoneSimulator
		{02574418-B7C7-40B7-93FE-9B627B075594}.Ad-Hoc|ARM.ActiveCfg = Ad-Hoc|iPhoneSimulator
		{02574418-B7C7-40B7-93FE-9B627B075594}.Ad-Hoc|ARM64.ActiveCfg = Ad-Hoc|iPhoneSimulator
		{02574418-B7C7-40B7-93FE-9B627B075594}.Ad-Hoc|iPhone.ActiveCfg = Ad-Hoc|iPhone
		{02574418-B7C7-40B7-93FE-9B627B075594}.Ad-Hoc|iPhone.Build.0 = Ad-Hoc|iPhone
		{02574418-B7C7-40B7-93FE-9B627B075594}.Ad-Hoc|iPhoneSimulator.ActiveCfg = Ad-Hoc|iPhoneSimulator
		{02574418-B7C7-40B7-93FE-9B627B075594}.Ad-Hoc|iPhoneSimulator.Build.0 = Ad-Hoc|iPhoneSimulator
		{02574418-B7C7-40B7-93FE-9B627B075594}.Ad-Hoc|x64.ActiveCfg = Ad-Hoc|iPhoneSimulator
		{02574418-B7C7-40B7-93FE-9B627B075594}.Ad-Hoc|x86.ActiveCfg = Ad-Hoc|iPhoneSimulator
		{02574418-B7C7-40B7-93FE-9B627B075594}.AppStore|Any CPU.ActiveCfg = AppStore|iPhoneSimulator
		{02574418-B7C7-40B7-93FE-9B627B075594}.AppStore|ARM.ActiveCfg = AppStore|iPhoneSimulator
		{02574418-B7C7-40B7-93FE-9B627B075594}.AppStore|ARM64.ActiveCfg = AppStore|iPhoneSimulator
		{02574418-B7C7-40B7-93FE-9B627B075594}.AppStore|iPhone.ActiveCfg = AppStore|iPhone
		{02574418-B7C7-40B7-93FE-9B627B075594}.AppStore|iPhone.Build.0 = AppStore|iPhone
		{02574418-B7C7-40B7-93FE-9B627B075594}.AppStore|iPhoneSimulator.ActiveCfg = AppStore|iPhoneSimulator
		{02574418-B7C7-40B7-93FE-9B627B075594}.AppStore|iPhoneSimulator.Build.0 = AppStore|iPhoneSimulator
		{02574418-B7C7-40B7-93FE-9B627B075594}.AppStore|x64.ActiveCfg = AppStore|iPhoneSimulator
		{02574418-B7C7-40B7-93FE-9B627B075594}.AppStore|x86.ActiveCfg = AppStore|iPhoneSimulator
		{02574418-B7C7-40B7-93FE-9B627B075594}.Debug|Any CPU.ActiveCfg = Debug|iPhoneSimulator
		{02574418-B7C7-40B7-93FE-9B627B075594}.Debug|ARM.ActiveCfg = Debug|iPhoneSimulator
		{02574418-B7C7-40B7-93FE-9B627B075594}.Debug|ARM64.ActiveCfg = Debug|iPhoneSimulator
		{02574418-B7C7-40B7-93FE-9B627B075594}.Debug|iPhone.ActiveCfg = Debug|iPhone
		{02574418-B7C7-40B7-93FE-9B627B075594}.Debug|iPhone.Build.0 = Debug|iPhone
		{02574418-B7C7-40B7-93FE-9B627B075594}.Debug|iPhoneSimulator.ActiveCfg = Debug|iPhoneSimulator
		{02574418-B7C7-40B7-93FE-9B627B075594}.Debug|iPhoneSimulator.Build.0 = Debug|iPhoneSimulator
		{02574418-B7C7-40B7-93FE-9B627B075594}.Debug|x64.ActiveCfg = Debug|iPhoneSimulator
		{02574418-B7C7-40B7-93FE-9B627B075594}.Debug|x86.ActiveCfg = Debug|iPhoneSimulator
		{02574418-B7C7-40B7-93FE-9B627B075594}.Release|Any CPU.ActiveCfg = Release|iPhoneSimulator
		{02574418-B7C7-40B7-93FE-9B627B075594}.Release|ARM.ActiveCfg = Release|iPhoneSimulator
		{02574418-B7C7-40B7-93FE-9B627B075594}.Release|ARM64.ActiveCfg = Release|iPhoneSimulator
		{02574418-B7C7-40B7-93FE-9B627B075594}.Release|iPhone.ActiveCfg = Release|iPhone
		{02574418-B7C7-40B7-93FE-9B627B075594}.Release|iPhone.Build.0 = Release|iPhone
		{02574418-B7C7-40B7-93FE-9B627B075594}.Release|iPhoneSimulator.ActiveCfg = Release|iPhoneSimulator
		{02574418-B7C7-40B7-93FE-9B627B075594}.Release|iPhoneSimulator.Build.0 = Release|iPhoneSimulator
		{02574418-B7C7-40B7-93FE-9B627B075594}.Release|x64.ActiveCfg = Release|iPhoneSimulator
		{02574418-B7C7-40B7-93FE-9B627B075594}.Release|x86.ActiveCfg = Release|iPhoneSimulator
		{58623181-4F92-47C4-B003-96F159815A7A}.Ad-Hoc|Any CPU.ActiveCfg = Debug|x86
		{58623181-4F92-47C4-B003-96F159815A7A}.Ad-Hoc|Any CPU.Build.0 = Debug|x86
		{58623181-4F92-47C4-B003-96F159815A7A}.Ad-Hoc|Any CPU.Deploy.0 = Debug|x86
		{58623181-4F92-47C4-B003-96F159815A7A}.Ad-Hoc|ARM.ActiveCfg = Debug|ARM
		{58623181-4F92-47C4-B003-96F159815A7A}.Ad-Hoc|ARM.Build.0 = Debug|ARM
		{58623181-4F92-47C4-B003-96F159815A7A}.Ad-Hoc|ARM.Deploy.0 = Debug|ARM
		{58623181-4F92-47C4-B003-96F159815A7A}.Ad-Hoc|ARM64.ActiveCfg = Debug|ARM64
		{58623181-4F92-47C4-B003-96F159815A7A}.Ad-Hoc|ARM64.Build.0 = Debug|ARM64
		{58623181-4F92-47C4-B003-96F159815A7A}.Ad-Hoc|ARM64.Deploy.0 = Debug|ARM64
		{58623181-4F92-47C4-B003-96F159815A7A}.Ad-Hoc|iPhone.ActiveCfg = Debug|x86
		{58623181-4F92-47C4-B003-96F159815A7A}.Ad-Hoc|iPhone.Build.0 = Debug|x86
		{58623181-4F92-47C4-B003-96F159815A7A}.Ad-Hoc|iPhone.Deploy.0 = Debug|x86
		{58623181-4F92-47C4-B003-96F159815A7A}.Ad-Hoc|iPhoneSimulator.ActiveCfg = Debug|x86
		{58623181-4F92-47C4-B003-96F159815A7A}.Ad-Hoc|iPhoneSimulator.Build.0 = Debug|x86
		{58623181-4F92-47C4-B003-96F159815A7A}.Ad-Hoc|iPhoneSimulator.Deploy.0 = Debug|x86
		{58623181-4F92-47C4-B003-96F159815A7A}.Ad-Hoc|x64.ActiveCfg = Debug|x64
		{58623181-4F92-47C4-B003-96F159815A7A}.Ad-Hoc|x64.Build.0 = Debug|x64
		{58623181-4F92-47C4-B003-96F159815A7A}.Ad-Hoc|x64.Deploy.0 = Debug|x64
		{58623181-4F92-47C4-B003-96F159815A7A}.Ad-Hoc|x86.ActiveCfg = Debug|x86
		{58623181-4F92-47C4-B003-96F159815A7A}.Ad-Hoc|x86.Build.0 = Debug|x86
		{58623181-4F92-47C4-B003-96F159815A7A}.Ad-Hoc|x86.Deploy.0 = Debug|x86
		{58623181-4F92-47C4-B003-96F159815A7A}.AppStore|Any CPU.ActiveCfg = Debug|x86
		{58623181-4F92-47C4-B003-96F159815A7A}.AppStore|Any CPU.Build.0 = Debug|x86
		{58623181-4F92-47C4-B003-96F159815A7A}.AppStore|Any CPU.Deploy.0 = Debug|x86
		{58623181-4F92-47C4-B003-96F159815A7A}.AppStore|ARM.ActiveCfg = Debug|ARM
		{58623181-4F92-47C4-B003-96F159815A7A}.AppStore|ARM.Build.0 = Debug|ARM
		{58623181-4F92-47C4-B003-96F159815A7A}.AppStore|ARM.Deploy.0 = Debug|ARM
		{58623181-4F92-47C4-B003-96F159815A7A}.AppStore|ARM64.ActiveCfg = Debug|ARM64
		{58623181-4F92-47C4-B003-96F159815A7A}.AppStore|ARM64.Build.0 = Debug|ARM64
		{58623181-4F92-47C4-B003-96F159815A7A}.AppStore|ARM64.Deploy.0 = Debug|ARM64
		{58623181-4F92-47C4-B003-96F159815A7A}.AppStore|iPhone.ActiveCfg = Debug|x86
		{58623181-4F92-47C4-B003-96F159815A7A}.AppStore|iPhone.Build.0 = Debug|x86
		{58623181-4F92-47C4-B003-96F159815A7A}.AppStore|iPhone.Deploy.0 = Debug|x86
		{58623181-4F92-47C4-B003-96F159815A7A}.AppStore|iPhoneSimulator.ActiveCfg = Debug|x86
		{58623181-4F92-47C4-B003-96F159815A7A}.AppStore|iPhoneSimulator.Build.0 = Debug|x86
		{58623181-4F92-47C4-B003-96F159815A7A}.AppStore|iPhoneSimulator.Deploy.0 = Debug|x86
		{58623181-4F92-47C4-B003-96F159815A7A}.AppStore|x64.ActiveCfg = Debug|x64
		{58623181-4F92-47C4-B003-96F159815A7A}.AppStore|x64.Build.0 = Debug|x64
		{58623181-4F92-47C4-B003-96F159815A7A}.AppStore|x64.Deploy.0 = Debug|x64
		{58623181-4F92-47C4-B003-96F159815A7A}.AppStore|x86.ActiveCfg = Debug|x86
		{58623181-4F92-47C4-B003-96F159815A7A}.AppStore|x86.Build.0 = Debug|x86
		{58623181-4F92-47C4-B003-96F159815A7A}.AppStore|x86.Deploy.0 = Debug|x86
		{58623181-4F92-47C4-B003-96F159815A7A}.Debug|Any CPU.ActiveCfg = Debug|x86
		{58623181-4F92-47C4-B003-96F159815A7A}.Debug|Any CPU.Build.0 = Debug|x86
		{58623181-4F92-47C4-B003-96F159815A7A}.Debug|Any CPU.Deploy.0 = Debug|x86
		{58623181-4F92-47C4-B003-96F159815A7A}.Debug|ARM.ActiveCfg = Debug|ARM
		{58623181-4F92-47C4-B003-96F159815A7A}.Debug|ARM.Build.0 = Debug|ARM
		{58623181-4F92-47C4-B003-96F159815A7A}.Debug|ARM.Deploy.0 = Debug|ARM
		{58623181-4F92-47C4-B003-96F159815A7A}.Debug|ARM64.ActiveCfg = Debug|ARM64
		{58623181-4F92-47C4-B003-96F159815A7A}.Debug|ARM64.Build.0 = Debug|ARM64
		{58623181-4F92-47C4-B003-96F159815A7A}.Debug|ARM64.Deploy.0 = Debug|ARM64
		{58623181-4F92-47C4-B003-96F159815A7A}.Debug|iPhone.ActiveCfg = Debug|x86
		{58623181-4F92-47C4-B003-96F159815A7A}.Debug|iPhoneSimulator.ActiveCfg = Debug|x86
		{58623181-4F92-47C4-B003-96F159815A7A}.Debug|x64.ActiveCfg = Debug|x64
		{58623181-4F92-47C4-B003-96F159815A7A}.Debug|x64.Build.0 = Debug|x64
		{58623181-4F92-47C4-B003-96F159815A7A}.Debug|x64.Deploy.0 = Debug|x64
		{58623181-4F92-47C4-B003-96F159815A7A}.Debug|x86.ActiveCfg = Debug|x86
		{58623181-4F92-47C4-B003-96F159815A7A}.Debug|x86.Build.0 = Debug|x86
		{58623181-4F92-47C4-B003-96F159815A7A}.Debug|x86.Deploy.0 = Debug|x86
		{58623181-4F92-47C4-B003-96F159815A7A}.Release|Any CPU.ActiveCfg = Release|x86
		{58623181-4F92-47C4-B003-96F159815A7A}.Release|ARM.ActiveCfg = Release|ARM
		{58623181-4F92-47C4-B003-96F159815A7A}.Release|ARM.Build.0 = Release|ARM
		{58623181-4F92-47C4-B003-96F159815A7A}.Release|ARM.Deploy.0 = Release|ARM
		{58623181-4F92-47C4-B003-96F159815A7A}.Release|ARM64.ActiveCfg = Release|ARM64
		{58623181-4F92-47C4-B003-96F159815A7A}.Release|ARM64.Build.0 = Release|ARM64
		{58623181-4F92-47C4-B003-96F159815A7A}.Release|ARM64.Deploy.0 = Release|ARM64
		{58623181-4F92-47C4-B003-96F159815A7A}.Release|iPhone.ActiveCfg = Release|x86
		{58623181-4F92-47C4-B003-96F159815A7A}.Release|iPhoneSimulator.ActiveCfg = Release|x86
		{58623181-4F92-47C4-B003-96F159815A7A}.Release|x64.ActiveCfg = Release|x64
		{58623181-4F92-47C4-B003-96F159815A7A}.Release|x64.Build.0 = Release|x64
		{58623181-4F92-47C4-B003-96F159815A7A}.Release|x64.Deploy.0 = Release|x64
		{58623181-4F92-47C4-B003-96F159815A7A}.Release|x86.ActiveCfg = Release|x86
		{58623181-4F92-47C4-B003-96F159815A7A}.Release|x86.Build.0 = Release|x86
		{58623181-4F92-47C4-B003-96F159815A7A}.Release|x86.Deploy.0 = Release|x86
		{0A9633AF-180B-458E-AB2B-5D0C3D8F5CE2}.Ad-Hoc|Any CPU.ActiveCfg = Debug|Any CPU
		{0A9633AF-180B-458E-AB2B-5D0C3D8F5CE2}.Ad-Hoc|Any CPU.Build.0 = Debug|Any CPU
		{0A9633AF-180B-458E-AB2B-5D0C3D8F5CE2}.Ad-Hoc|ARM.ActiveCfg = Debug|Any CPU
		{0A9633AF-180B-458E-AB2B-5D0C3D8F5CE2}.Ad-Hoc|ARM.Build.0 = Debug|Any CPU
		{0A9633AF-180B-458E-AB2B-5D0C3D8F5CE2}.Ad-Hoc|ARM64.ActiveCfg = Debug|Any CPU
		{0A9633AF-180B-458E-AB2B-5D0C3D8F5CE2}.Ad-Hoc|ARM64.Build.0 = Debug|Any CPU
		{0A9633AF-180B-458E-AB2B-5D0C3D8F5CE2}.Ad-Hoc|iPhone.ActiveCfg = Debug|Any CPU
		{0A9633AF-180B-458E-AB2B-5D0C3D8F5CE2}.Ad-Hoc|iPhone.Build.0 = Debug|Any CPU
		{0A9633AF-180B-458E-AB2B-5D0C3D8F5CE2}.Ad-Hoc|iPhoneSimulator.ActiveCfg = Debug|Any CPU
		{0A9633AF-180B-458E-AB2B-5D0C3D8F5CE2}.Ad-Hoc|iPhoneSimulator.Build.0 = Debug|Any CPU
		{0A9633AF-180B-458E-AB2B-5D0C3D8F5CE2}.Ad-Hoc|x64.ActiveCfg = Debug|Any CPU
		{0A9633AF-180B-458E-AB2B-5D0C3D8F5CE2}.Ad-Hoc|x64.Build.0 = Debug|Any CPU
		{0A9633AF-180B-458E-AB2B-5D0C3D8F5CE2}.Ad-Hoc|x86.ActiveCfg = Debug|Any CPU
		{0A9633AF-180B-458E-AB2B-5D0C3D8F5CE2}.Ad-Hoc|x86.Build.0 = Debug|Any CPU
		{0A9633AF-180B-458E-AB2B-5D0C3D8F5CE2}.AppStore|Any CPU.ActiveCfg = Debug|Any CPU
		{0A9633AF-180B-458E-AB2B-5D0C3D8F5CE2}.AppStore|Any CPU.Build.0 = Debug|Any CPU
		{0A9633AF-180B-458E-AB2B-5D0C3D8F5CE2}.AppStore|ARM.ActiveCfg = Debug|Any CPU
		{0A9633AF-180B-458E-AB2B-5D0C3D8F5CE2}.AppStore|ARM.Build.0 = Debug|Any CPU
		{0A9633AF-180B-458E-AB2B-5D0C3D8F5CE2}.AppStore|ARM64.ActiveCfg = Debug|Any CPU
		{0A9633AF-180B-458E-AB2B-5D0C3D8F5CE2}.AppStore|ARM64.Build.0 = Debug|Any CPU
		{0A9633AF-180B-458E-AB2B-5D0C3D8F5CE2}.AppStore|iPhone.ActiveCfg = Debug|Any CPU
		{0A9633AF-180B-458E-AB2B-5D0C3D8F5CE2}.AppStore|iPhone.Build.0 = Debug|Any CPU
		{0A9633AF-180B-458E-AB2B-5D0C3D8F5CE2}.AppStore|iPhoneSimulator.ActiveCfg = Debug|Any CPU
		{0A9633AF-180B-458E-AB2B-5D0C3D8F5CE2}.AppStore|iPhoneSimulator.Build.0 = Debug|Any CPU
		{0A9633AF-180B-458E-AB2B-5D0C3D8F5CE2}.AppStore|x64.ActiveCfg = Debug|Any CPU
		{0A9633AF-180B-458E-AB2B-5D0C3D8F5CE2}.AppStore|x64.Build.0 = Debug|Any CPU
		{0A9633AF-180B-458E-AB2B-5D0C3D8F5CE2}.AppStore|x86.ActiveCfg = Debug|Any CPU
		{0A9633AF-180B-458E-AB2B-5D0C3D8F5CE2}.AppStore|x86.Build.0 = Debug|Any CPU
		{0A9633AF-180B-458E-AB2B-5D0C3D8F5CE2}.Debug|Any CPU.ActiveCfg = Debug|Any CPU
		{0A9633AF-180B-458E-AB2B-5D0C3D8F5CE2}.Debug|Any CPU.Build.0 = Debug|Any CPU
		{0A9633AF-180B-458E-AB2B-5D0C3D8F5CE2}.Debug|ARM.ActiveCfg = Debug|Any CPU
		{0A9633AF-180B-458E-AB2B-5D0C3D8F5CE2}.Debug|ARM.Build.0 = Debug|Any CPU
		{0A9633AF-180B-458E-AB2B-5D0C3D8F5CE2}.Debug|ARM64.ActiveCfg = Debug|Any CPU
		{0A9633AF-180B-458E-AB2B-5D0C3D8F5CE2}.Debug|ARM64.Build.0 = Debug|Any CPU
		{0A9633AF-180B-458E-AB2B-5D0C3D8F5CE2}.Debug|iPhone.ActiveCfg = Debug|Any CPU
		{0A9633AF-180B-458E-AB2B-5D0C3D8F5CE2}.Debug|iPhone.Build.0 = Debug|Any CPU
		{0A9633AF-180B-458E-AB2B-5D0C3D8F5CE2}.Debug|iPhoneSimulator.ActiveCfg = Debug|Any CPU
		{0A9633AF-180B-458E-AB2B-5D0C3D8F5CE2}.Debug|iPhoneSimulator.Build.0 = Debug|Any CPU
		{0A9633AF-180B-458E-AB2B-5D0C3D8F5CE2}.Debug|x64.ActiveCfg = Debug|Any CPU
		{0A9633AF-180B-458E-AB2B-5D0C3D8F5CE2}.Debug|x64.Build.0 = Debug|Any CPU
		{0A9633AF-180B-458E-AB2B-5D0C3D8F5CE2}.Debug|x86.ActiveCfg = Debug|Any CPU
		{0A9633AF-180B-458E-AB2B-5D0C3D8F5CE2}.Debug|x86.Build.0 = Debug|Any CPU
		{0A9633AF-180B-458E-AB2B-5D0C3D8F5CE2}.Release|Any CPU.ActiveCfg = Release|Any CPU
		{0A9633AF-180B-458E-AB2B-5D0C3D8F5CE2}.Release|Any CPU.Build.0 = Release|Any CPU
		{0A9633AF-180B-458E-AB2B-5D0C3D8F5CE2}.Release|ARM.ActiveCfg = Release|Any CPU
		{0A9633AF-180B-458E-AB2B-5D0C3D8F5CE2}.Release|ARM.Build.0 = Release|Any CPU
		{0A9633AF-180B-458E-AB2B-5D0C3D8F5CE2}.Release|ARM64.ActiveCfg = Release|Any CPU
		{0A9633AF-180B-458E-AB2B-5D0C3D8F5CE2}.Release|ARM64.Build.0 = Release|Any CPU
		{0A9633AF-180B-458E-AB2B-5D0C3D8F5CE2}.Release|iPhone.ActiveCfg = Release|Any CPU
		{0A9633AF-180B-458E-AB2B-5D0C3D8F5CE2}.Release|iPhone.Build.0 = Release|Any CPU
		{0A9633AF-180B-458E-AB2B-5D0C3D8F5CE2}.Release|iPhoneSimulator.ActiveCfg = Release|Any CPU
		{0A9633AF-180B-458E-AB2B-5D0C3D8F5CE2}.Release|iPhoneSimulator.Build.0 = Release|Any CPU
		{0A9633AF-180B-458E-AB2B-5D0C3D8F5CE2}.Release|x64.ActiveCfg = Release|Any CPU
		{0A9633AF-180B-458E-AB2B-5D0C3D8F5CE2}.Release|x64.Build.0 = Release|Any CPU
		{0A9633AF-180B-458E-AB2B-5D0C3D8F5CE2}.Release|x86.ActiveCfg = Release|Any CPU
		{0A9633AF-180B-458E-AB2B-5D0C3D8F5CE2}.Release|x86.Build.0 = Release|Any CPU
		{D4CF2463-0175-4C3F-B247-3E2234F61EDB}.Ad-Hoc|Any CPU.ActiveCfg = Debug|iPhoneSimulator
		{D4CF2463-0175-4C3F-B247-3E2234F61EDB}.Ad-Hoc|Any CPU.Build.0 = Debug|iPhoneSimulator
		{D4CF2463-0175-4C3F-B247-3E2234F61EDB}.Ad-Hoc|ARM.ActiveCfg = Debug|iPhoneSimulator
		{D4CF2463-0175-4C3F-B247-3E2234F61EDB}.Ad-Hoc|ARM.Build.0 = Debug|iPhoneSimulator
		{D4CF2463-0175-4C3F-B247-3E2234F61EDB}.Ad-Hoc|ARM64.ActiveCfg = Debug|iPhoneSimulator
		{D4CF2463-0175-4C3F-B247-3E2234F61EDB}.Ad-Hoc|ARM64.Build.0 = Debug|iPhoneSimulator
		{D4CF2463-0175-4C3F-B247-3E2234F61EDB}.Ad-Hoc|iPhone.ActiveCfg = Debug|iPhoneSimulator
		{D4CF2463-0175-4C3F-B247-3E2234F61EDB}.Ad-Hoc|iPhone.Build.0 = Debug|iPhoneSimulator
		{D4CF2463-0175-4C3F-B247-3E2234F61EDB}.Ad-Hoc|iPhoneSimulator.ActiveCfg = Debug|iPhoneSimulator
		{D4CF2463-0175-4C3F-B247-3E2234F61EDB}.Ad-Hoc|iPhoneSimulator.Build.0 = Debug|iPhoneSimulator
		{D4CF2463-0175-4C3F-B247-3E2234F61EDB}.Ad-Hoc|x64.ActiveCfg = Debug|iPhoneSimulator
		{D4CF2463-0175-4C3F-B247-3E2234F61EDB}.Ad-Hoc|x64.Build.0 = Debug|iPhoneSimulator
		{D4CF2463-0175-4C3F-B247-3E2234F61EDB}.Ad-Hoc|x86.ActiveCfg = Debug|iPhoneSimulator
		{D4CF2463-0175-4C3F-B247-3E2234F61EDB}.Ad-Hoc|x86.Build.0 = Debug|iPhoneSimulator
		{D4CF2463-0175-4C3F-B247-3E2234F61EDB}.AppStore|Any CPU.ActiveCfg = Debug|iPhoneSimulator
		{D4CF2463-0175-4C3F-B247-3E2234F61EDB}.AppStore|Any CPU.Build.0 = Debug|iPhoneSimulator
		{D4CF2463-0175-4C3F-B247-3E2234F61EDB}.AppStore|ARM.ActiveCfg = Debug|iPhoneSimulator
		{D4CF2463-0175-4C3F-B247-3E2234F61EDB}.AppStore|ARM.Build.0 = Debug|iPhoneSimulator
		{D4CF2463-0175-4C3F-B247-3E2234F61EDB}.AppStore|ARM64.ActiveCfg = Debug|iPhoneSimulator
		{D4CF2463-0175-4C3F-B247-3E2234F61EDB}.AppStore|ARM64.Build.0 = Debug|iPhoneSimulator
		{D4CF2463-0175-4C3F-B247-3E2234F61EDB}.AppStore|iPhone.ActiveCfg = Debug|iPhoneSimulator
		{D4CF2463-0175-4C3F-B247-3E2234F61EDB}.AppStore|iPhone.Build.0 = Debug|iPhoneSimulator
		{D4CF2463-0175-4C3F-B247-3E2234F61EDB}.AppStore|iPhoneSimulator.ActiveCfg = Debug|iPhoneSimulator
		{D4CF2463-0175-4C3F-B247-3E2234F61EDB}.AppStore|iPhoneSimulator.Build.0 = Debug|iPhoneSimulator
		{D4CF2463-0175-4C3F-B247-3E2234F61EDB}.AppStore|x64.ActiveCfg = Debug|iPhoneSimulator
		{D4CF2463-0175-4C3F-B247-3E2234F61EDB}.AppStore|x64.Build.0 = Debug|iPhoneSimulator
		{D4CF2463-0175-4C3F-B247-3E2234F61EDB}.AppStore|x86.ActiveCfg = Debug|iPhoneSimulator
		{D4CF2463-0175-4C3F-B247-3E2234F61EDB}.AppStore|x86.Build.0 = Debug|iPhoneSimulator
		{D4CF2463-0175-4C3F-B247-3E2234F61EDB}.Debug|Any CPU.ActiveCfg = Debug|iPhoneSimulator
		{D4CF2463-0175-4C3F-B247-3E2234F61EDB}.Debug|ARM.ActiveCfg = Debug|iPhoneSimulator
		{D4CF2463-0175-4C3F-B247-3E2234F61EDB}.Debug|ARM64.ActiveCfg = Debug|iPhoneSimulator
		{D4CF2463-0175-4C3F-B247-3E2234F61EDB}.Debug|iPhone.ActiveCfg = Debug|iPhoneSimulator
		{D4CF2463-0175-4C3F-B247-3E2234F61EDB}.Debug|iPhoneSimulator.ActiveCfg = Debug|iPhoneSimulator
		{D4CF2463-0175-4C3F-B247-3E2234F61EDB}.Debug|iPhoneSimulator.Build.0 = Debug|iPhoneSimulator
		{D4CF2463-0175-4C3F-B247-3E2234F61EDB}.Debug|x64.ActiveCfg = Debug|iPhoneSimulator
		{D4CF2463-0175-4C3F-B247-3E2234F61EDB}.Debug|x86.ActiveCfg = Debug|iPhoneSimulator
		{D4CF2463-0175-4C3F-B247-3E2234F61EDB}.Release|Any CPU.ActiveCfg = Release|iPhoneSimulator
		{D4CF2463-0175-4C3F-B247-3E2234F61EDB}.Release|ARM.ActiveCfg = Release|iPhoneSimulator
		{D4CF2463-0175-4C3F-B247-3E2234F61EDB}.Release|ARM64.ActiveCfg = Release|iPhoneSimulator
		{D4CF2463-0175-4C3F-B247-3E2234F61EDB}.Release|iPhone.ActiveCfg = Release|iPhoneSimulator
		{D4CF2463-0175-4C3F-B247-3E2234F61EDB}.Release|iPhoneSimulator.ActiveCfg = Release|iPhoneSimulator
		{D4CF2463-0175-4C3F-B247-3E2234F61EDB}.Release|iPhoneSimulator.Build.0 = Release|iPhoneSimulator
		{D4CF2463-0175-4C3F-B247-3E2234F61EDB}.Release|x64.ActiveCfg = Release|iPhoneSimulator
		{D4CF2463-0175-4C3F-B247-3E2234F61EDB}.Release|x86.ActiveCfg = Release|iPhoneSimulator
		{AD03C72C-57B6-429E-A1F5-DD5A6B61A2D5}.Ad-Hoc|Any CPU.ActiveCfg = Debug|Any CPU
		{AD03C72C-57B6-429E-A1F5-DD5A6B61A2D5}.Ad-Hoc|Any CPU.Build.0 = Debug|Any CPU
		{AD03C72C-57B6-429E-A1F5-DD5A6B61A2D5}.Ad-Hoc|ARM.ActiveCfg = Debug|Any CPU
		{AD03C72C-57B6-429E-A1F5-DD5A6B61A2D5}.Ad-Hoc|ARM.Build.0 = Debug|Any CPU
		{AD03C72C-57B6-429E-A1F5-DD5A6B61A2D5}.Ad-Hoc|ARM64.ActiveCfg = Debug|Any CPU
		{AD03C72C-57B6-429E-A1F5-DD5A6B61A2D5}.Ad-Hoc|ARM64.Build.0 = Debug|Any CPU
		{AD03C72C-57B6-429E-A1F5-DD5A6B61A2D5}.Ad-Hoc|iPhone.ActiveCfg = Debug|Any CPU
		{AD03C72C-57B6-429E-A1F5-DD5A6B61A2D5}.Ad-Hoc|iPhone.Build.0 = Debug|Any CPU
		{AD03C72C-57B6-429E-A1F5-DD5A6B61A2D5}.Ad-Hoc|iPhoneSimulator.ActiveCfg = Debug|Any CPU
		{AD03C72C-57B6-429E-A1F5-DD5A6B61A2D5}.Ad-Hoc|iPhoneSimulator.Build.0 = Debug|Any CPU
		{AD03C72C-57B6-429E-A1F5-DD5A6B61A2D5}.Ad-Hoc|x64.ActiveCfg = Debug|Any CPU
		{AD03C72C-57B6-429E-A1F5-DD5A6B61A2D5}.Ad-Hoc|x64.Build.0 = Debug|Any CPU
		{AD03C72C-57B6-429E-A1F5-DD5A6B61A2D5}.Ad-Hoc|x86.ActiveCfg = Debug|Any CPU
		{AD03C72C-57B6-429E-A1F5-DD5A6B61A2D5}.Ad-Hoc|x86.Build.0 = Debug|Any CPU
		{AD03C72C-57B6-429E-A1F5-DD5A6B61A2D5}.AppStore|Any CPU.ActiveCfg = Debug|Any CPU
		{AD03C72C-57B6-429E-A1F5-DD5A6B61A2D5}.AppStore|Any CPU.Build.0 = Debug|Any CPU
		{AD03C72C-57B6-429E-A1F5-DD5A6B61A2D5}.AppStore|ARM.ActiveCfg = Debug|Any CPU
		{AD03C72C-57B6-429E-A1F5-DD5A6B61A2D5}.AppStore|ARM.Build.0 = Debug|Any CPU
		{AD03C72C-57B6-429E-A1F5-DD5A6B61A2D5}.AppStore|ARM64.ActiveCfg = Debug|Any CPU
		{AD03C72C-57B6-429E-A1F5-DD5A6B61A2D5}.AppStore|ARM64.Build.0 = Debug|Any CPU
		{AD03C72C-57B6-429E-A1F5-DD5A6B61A2D5}.AppStore|iPhone.ActiveCfg = Debug|Any CPU
		{AD03C72C-57B6-429E-A1F5-DD5A6B61A2D5}.AppStore|iPhone.Build.0 = Debug|Any CPU
		{AD03C72C-57B6-429E-A1F5-DD5A6B61A2D5}.AppStore|iPhoneSimulator.ActiveCfg = Debug|Any CPU
		{AD03C72C-57B6-429E-A1F5-DD5A6B61A2D5}.AppStore|iPhoneSimulator.Build.0 = Debug|Any CPU
		{AD03C72C-57B6-429E-A1F5-DD5A6B61A2D5}.AppStore|x64.ActiveCfg = Debug|Any CPU
		{AD03C72C-57B6-429E-A1F5-DD5A6B61A2D5}.AppStore|x64.Build.0 = Debug|Any CPU
		{AD03C72C-57B6-429E-A1F5-DD5A6B61A2D5}.AppStore|x86.ActiveCfg = Debug|Any CPU
		{AD03C72C-57B6-429E-A1F5-DD5A6B61A2D5}.AppStore|x86.Build.0 = Debug|Any CPU
		{AD03C72C-57B6-429E-A1F5-DD5A6B61A2D5}.Debug|Any CPU.ActiveCfg = Debug|Any CPU
		{AD03C72C-57B6-429E-A1F5-DD5A6B61A2D5}.Debug|Any CPU.Build.0 = Debug|Any CPU
		{AD03C72C-57B6-429E-A1F5-DD5A6B61A2D5}.Debug|ARM.ActiveCfg = Debug|Any CPU
		{AD03C72C-57B6-429E-A1F5-DD5A6B61A2D5}.Debug|ARM.Build.0 = Debug|Any CPU
		{AD03C72C-57B6-429E-A1F5-DD5A6B61A2D5}.Debug|ARM64.ActiveCfg = Debug|Any CPU
		{AD03C72C-57B6-429E-A1F5-DD5A6B61A2D5}.Debug|ARM64.Build.0 = Debug|Any CPU
		{AD03C72C-57B6-429E-A1F5-DD5A6B61A2D5}.Debug|iPhone.ActiveCfg = Debug|Any CPU
		{AD03C72C-57B6-429E-A1F5-DD5A6B61A2D5}.Debug|iPhone.Build.0 = Debug|Any CPU
		{AD03C72C-57B6-429E-A1F5-DD5A6B61A2D5}.Debug|iPhoneSimulator.ActiveCfg = Debug|Any CPU
		{AD03C72C-57B6-429E-A1F5-DD5A6B61A2D5}.Debug|iPhoneSimulator.Build.0 = Debug|Any CPU
		{AD03C72C-57B6-429E-A1F5-DD5A6B61A2D5}.Debug|x64.ActiveCfg = Debug|Any CPU
		{AD03C72C-57B6-429E-A1F5-DD5A6B61A2D5}.Debug|x64.Build.0 = Debug|Any CPU
		{AD03C72C-57B6-429E-A1F5-DD5A6B61A2D5}.Debug|x86.ActiveCfg = Debug|Any CPU
		{AD03C72C-57B6-429E-A1F5-DD5A6B61A2D5}.Debug|x86.Build.0 = Debug|Any CPU
		{AD03C72C-57B6-429E-A1F5-DD5A6B61A2D5}.Release|Any CPU.ActiveCfg = Release|Any CPU
		{AD03C72C-57B6-429E-A1F5-DD5A6B61A2D5}.Release|Any CPU.Build.0 = Release|Any CPU
		{AD03C72C-57B6-429E-A1F5-DD5A6B61A2D5}.Release|ARM.ActiveCfg = Release|Any CPU
		{AD03C72C-57B6-429E-A1F5-DD5A6B61A2D5}.Release|ARM.Build.0 = Release|Any CPU
		{AD03C72C-57B6-429E-A1F5-DD5A6B61A2D5}.Release|ARM64.ActiveCfg = Release|Any CPU
		{AD03C72C-57B6-429E-A1F5-DD5A6B61A2D5}.Release|ARM64.Build.0 = Release|Any CPU
		{AD03C72C-57B6-429E-A1F5-DD5A6B61A2D5}.Release|iPhone.ActiveCfg = Release|Any CPU
		{AD03C72C-57B6-429E-A1F5-DD5A6B61A2D5}.Release|iPhone.Build.0 = Release|Any CPU
		{AD03C72C-57B6-429E-A1F5-DD5A6B61A2D5}.Release|iPhoneSimulator.ActiveCfg = Release|Any CPU
		{AD03C72C-57B6-429E-A1F5-DD5A6B61A2D5}.Release|iPhoneSimulator.Build.0 = Release|Any CPU
		{AD03C72C-57B6-429E-A1F5-DD5A6B61A2D5}.Release|x64.ActiveCfg = Release|Any CPU
		{AD03C72C-57B6-429E-A1F5-DD5A6B61A2D5}.Release|x64.Build.0 = Release|Any CPU
		{AD03C72C-57B6-429E-A1F5-DD5A6B61A2D5}.Release|x86.ActiveCfg = Release|Any CPU
		{AD03C72C-57B6-429E-A1F5-DD5A6B61A2D5}.Release|x86.Build.0 = Release|Any CPU
		{338345F3-841A-490E-A5EB-C37744A62457}.Ad-Hoc|Any CPU.ActiveCfg = Debug|Any CPU
		{338345F3-841A-490E-A5EB-C37744A62457}.Ad-Hoc|Any CPU.Build.0 = Debug|Any CPU
		{338345F3-841A-490E-A5EB-C37744A62457}.Ad-Hoc|ARM.ActiveCfg = Debug|Any CPU
		{338345F3-841A-490E-A5EB-C37744A62457}.Ad-Hoc|ARM.Build.0 = Debug|Any CPU
		{338345F3-841A-490E-A5EB-C37744A62457}.Ad-Hoc|ARM64.ActiveCfg = Debug|Any CPU
		{338345F3-841A-490E-A5EB-C37744A62457}.Ad-Hoc|ARM64.Build.0 = Debug|Any CPU
		{338345F3-841A-490E-A5EB-C37744A62457}.Ad-Hoc|iPhone.ActiveCfg = Debug|Any CPU
		{338345F3-841A-490E-A5EB-C37744A62457}.Ad-Hoc|iPhone.Build.0 = Debug|Any CPU
		{338345F3-841A-490E-A5EB-C37744A62457}.Ad-Hoc|iPhoneSimulator.ActiveCfg = Debug|Any CPU
		{338345F3-841A-490E-A5EB-C37744A62457}.Ad-Hoc|iPhoneSimulator.Build.0 = Debug|Any CPU
		{338345F3-841A-490E-A5EB-C37744A62457}.Ad-Hoc|x64.ActiveCfg = Debug|Any CPU
		{338345F3-841A-490E-A5EB-C37744A62457}.Ad-Hoc|x64.Build.0 = Debug|Any CPU
		{338345F3-841A-490E-A5EB-C37744A62457}.Ad-Hoc|x86.ActiveCfg = Debug|Any CPU
		{338345F3-841A-490E-A5EB-C37744A62457}.Ad-Hoc|x86.Build.0 = Debug|Any CPU
		{338345F3-841A-490E-A5EB-C37744A62457}.AppStore|Any CPU.ActiveCfg = Debug|Any CPU
		{338345F3-841A-490E-A5EB-C37744A62457}.AppStore|Any CPU.Build.0 = Debug|Any CPU
		{338345F3-841A-490E-A5EB-C37744A62457}.AppStore|ARM.ActiveCfg = Debug|Any CPU
		{338345F3-841A-490E-A5EB-C37744A62457}.AppStore|ARM.Build.0 = Debug|Any CPU
		{338345F3-841A-490E-A5EB-C37744A62457}.AppStore|ARM64.ActiveCfg = Debug|Any CPU
		{338345F3-841A-490E-A5EB-C37744A62457}.AppStore|ARM64.Build.0 = Debug|Any CPU
		{338345F3-841A-490E-A5EB-C37744A62457}.AppStore|iPhone.ActiveCfg = Debug|Any CPU
		{338345F3-841A-490E-A5EB-C37744A62457}.AppStore|iPhone.Build.0 = Debug|Any CPU
		{338345F3-841A-490E-A5EB-C37744A62457}.AppStore|iPhoneSimulator.ActiveCfg = Debug|Any CPU
		{338345F3-841A-490E-A5EB-C37744A62457}.AppStore|iPhoneSimulator.Build.0 = Debug|Any CPU
		{338345F3-841A-490E-A5EB-C37744A62457}.AppStore|x64.ActiveCfg = Debug|Any CPU
		{338345F3-841A-490E-A5EB-C37744A62457}.AppStore|x64.Build.0 = Debug|Any CPU
		{338345F3-841A-490E-A5EB-C37744A62457}.AppStore|x86.ActiveCfg = Debug|Any CPU
		{338345F3-841A-490E-A5EB-C37744A62457}.AppStore|x86.Build.0 = Debug|Any CPU
		{338345F3-841A-490E-A5EB-C37744A62457}.Debug|Any CPU.ActiveCfg = Debug|Any CPU
		{338345F3-841A-490E-A5EB-C37744A62457}.Debug|Any CPU.Build.0 = Debug|Any CPU
		{338345F3-841A-490E-A5EB-C37744A62457}.Debug|ARM.ActiveCfg = Debug|Any CPU
		{338345F3-841A-490E-A5EB-C37744A62457}.Debug|ARM.Build.0 = Debug|Any CPU
		{338345F3-841A-490E-A5EB-C37744A62457}.Debug|ARM64.ActiveCfg = Debug|Any CPU
		{338345F3-841A-490E-A5EB-C37744A62457}.Debug|ARM64.Build.0 = Debug|Any CPU
		{338345F3-841A-490E-A5EB-C37744A62457}.Debug|iPhone.ActiveCfg = Debug|Any CPU
		{338345F3-841A-490E-A5EB-C37744A62457}.Debug|iPhone.Build.0 = Debug|Any CPU
		{338345F3-841A-490E-A5EB-C37744A62457}.Debug|iPhoneSimulator.ActiveCfg = Debug|Any CPU
		{338345F3-841A-490E-A5EB-C37744A62457}.Debug|iPhoneSimulator.Build.0 = Debug|Any CPU
		{338345F3-841A-490E-A5EB-C37744A62457}.Debug|x64.ActiveCfg = Debug|Any CPU
		{338345F3-841A-490E-A5EB-C37744A62457}.Debug|x64.Build.0 = Debug|Any CPU
		{338345F3-841A-490E-A5EB-C37744A62457}.Debug|x86.ActiveCfg = Debug|Any CPU
		{338345F3-841A-490E-A5EB-C37744A62457}.Debug|x86.Build.0 = Debug|Any CPU
		{338345F3-841A-490E-A5EB-C37744A62457}.Release|Any CPU.ActiveCfg = Release|Any CPU
		{338345F3-841A-490E-A5EB-C37744A62457}.Release|Any CPU.Build.0 = Release|Any CPU
		{338345F3-841A-490E-A5EB-C37744A62457}.Release|ARM.ActiveCfg = Release|Any CPU
		{338345F3-841A-490E-A5EB-C37744A62457}.Release|ARM.Build.0 = Release|Any CPU
		{338345F3-841A-490E-A5EB-C37744A62457}.Release|ARM64.ActiveCfg = Release|Any CPU
		{338345F3-841A-490E-A5EB-C37744A62457}.Release|ARM64.Build.0 = Release|Any CPU
		{338345F3-841A-490E-A5EB-C37744A62457}.Release|iPhone.ActiveCfg = Release|Any CPU
		{338345F3-841A-490E-A5EB-C37744A62457}.Release|iPhone.Build.0 = Release|Any CPU
		{338345F3-841A-490E-A5EB-C37744A62457}.Release|iPhoneSimulator.ActiveCfg = Release|Any CPU
		{338345F3-841A-490E-A5EB-C37744A62457}.Release|iPhoneSimulator.Build.0 = Release|Any CPU
		{338345F3-841A-490E-A5EB-C37744A62457}.Release|x64.ActiveCfg = Release|Any CPU
		{338345F3-841A-490E-A5EB-C37744A62457}.Release|x64.Build.0 = Release|Any CPU
		{338345F3-841A-490E-A5EB-C37744A62457}.Release|x86.ActiveCfg = Release|Any CPU
		{338345F3-841A-490E-A5EB-C37744A62457}.Release|x86.Build.0 = Release|Any CPU
		{8DA4D22C-246F-4294-B533-561D0B5F514F}.Ad-Hoc|Any CPU.ActiveCfg = Debug|Any CPU
		{8DA4D22C-246F-4294-B533-561D0B5F514F}.Ad-Hoc|Any CPU.Build.0 = Debug|Any CPU
		{8DA4D22C-246F-4294-B533-561D0B5F514F}.Ad-Hoc|ARM.ActiveCfg = Debug|Any CPU
		{8DA4D22C-246F-4294-B533-561D0B5F514F}.Ad-Hoc|ARM.Build.0 = Debug|Any CPU
		{8DA4D22C-246F-4294-B533-561D0B5F514F}.Ad-Hoc|ARM64.ActiveCfg = Debug|Any CPU
		{8DA4D22C-246F-4294-B533-561D0B5F514F}.Ad-Hoc|ARM64.Build.0 = Debug|Any CPU
		{8DA4D22C-246F-4294-B533-561D0B5F514F}.Ad-Hoc|iPhone.ActiveCfg = Debug|Any CPU
		{8DA4D22C-246F-4294-B533-561D0B5F514F}.Ad-Hoc|iPhone.Build.0 = Debug|Any CPU
		{8DA4D22C-246F-4294-B533-561D0B5F514F}.Ad-Hoc|iPhoneSimulator.ActiveCfg = Debug|Any CPU
		{8DA4D22C-246F-4294-B533-561D0B5F514F}.Ad-Hoc|iPhoneSimulator.Build.0 = Debug|Any CPU
		{8DA4D22C-246F-4294-B533-561D0B5F514F}.Ad-Hoc|x64.ActiveCfg = Debug|Any CPU
		{8DA4D22C-246F-4294-B533-561D0B5F514F}.Ad-Hoc|x64.Build.0 = Debug|Any CPU
		{8DA4D22C-246F-4294-B533-561D0B5F514F}.Ad-Hoc|x86.ActiveCfg = Debug|Any CPU
		{8DA4D22C-246F-4294-B533-561D0B5F514F}.Ad-Hoc|x86.Build.0 = Debug|Any CPU
		{8DA4D22C-246F-4294-B533-561D0B5F514F}.AppStore|Any CPU.ActiveCfg = Debug|Any CPU
		{8DA4D22C-246F-4294-B533-561D0B5F514F}.AppStore|Any CPU.Build.0 = Debug|Any CPU
		{8DA4D22C-246F-4294-B533-561D0B5F514F}.AppStore|ARM.ActiveCfg = Debug|Any CPU
		{8DA4D22C-246F-4294-B533-561D0B5F514F}.AppStore|ARM.Build.0 = Debug|Any CPU
		{8DA4D22C-246F-4294-B533-561D0B5F514F}.AppStore|ARM64.ActiveCfg = Debug|Any CPU
		{8DA4D22C-246F-4294-B533-561D0B5F514F}.AppStore|ARM64.Build.0 = Debug|Any CPU
		{8DA4D22C-246F-4294-B533-561D0B5F514F}.AppStore|iPhone.ActiveCfg = Debug|Any CPU
		{8DA4D22C-246F-4294-B533-561D0B5F514F}.AppStore|iPhone.Build.0 = Debug|Any CPU
		{8DA4D22C-246F-4294-B533-561D0B5F514F}.AppStore|iPhoneSimulator.ActiveCfg = Debug|Any CPU
		{8DA4D22C-246F-4294-B533-561D0B5F514F}.AppStore|iPhoneSimulator.Build.0 = Debug|Any CPU
		{8DA4D22C-246F-4294-B533-561D0B5F514F}.AppStore|x64.ActiveCfg = Debug|Any CPU
		{8DA4D22C-246F-4294-B533-561D0B5F514F}.AppStore|x64.Build.0 = Debug|Any CPU
		{8DA4D22C-246F-4294-B533-561D0B5F514F}.AppStore|x86.ActiveCfg = Debug|Any CPU
		{8DA4D22C-246F-4294-B533-561D0B5F514F}.AppStore|x86.Build.0 = Debug|Any CPU
		{8DA4D22C-246F-4294-B533-561D0B5F514F}.Debug|Any CPU.ActiveCfg = Debug|Any CPU
		{8DA4D22C-246F-4294-B533-561D0B5F514F}.Debug|Any CPU.Build.0 = Debug|Any CPU
		{8DA4D22C-246F-4294-B533-561D0B5F514F}.Debug|ARM.ActiveCfg = Debug|Any CPU
		{8DA4D22C-246F-4294-B533-561D0B5F514F}.Debug|ARM.Build.0 = Debug|Any CPU
		{8DA4D22C-246F-4294-B533-561D0B5F514F}.Debug|ARM64.ActiveCfg = Debug|Any CPU
		{8DA4D22C-246F-4294-B533-561D0B5F514F}.Debug|ARM64.Build.0 = Debug|Any CPU
		{8DA4D22C-246F-4294-B533-561D0B5F514F}.Debug|iPhone.ActiveCfg = Debug|Any CPU
		{8DA4D22C-246F-4294-B533-561D0B5F514F}.Debug|iPhone.Build.0 = Debug|Any CPU
		{8DA4D22C-246F-4294-B533-561D0B5F514F}.Debug|iPhoneSimulator.ActiveCfg = Debug|Any CPU
		{8DA4D22C-246F-4294-B533-561D0B5F514F}.Debug|iPhoneSimulator.Build.0 = Debug|Any CPU
		{8DA4D22C-246F-4294-B533-561D0B5F514F}.Debug|x64.ActiveCfg = Debug|Any CPU
		{8DA4D22C-246F-4294-B533-561D0B5F514F}.Debug|x64.Build.0 = Debug|Any CPU
		{8DA4D22C-246F-4294-B533-561D0B5F514F}.Debug|x86.ActiveCfg = Debug|Any CPU
		{8DA4D22C-246F-4294-B533-561D0B5F514F}.Debug|x86.Build.0 = Debug|Any CPU
		{8DA4D22C-246F-4294-B533-561D0B5F514F}.Release|Any CPU.ActiveCfg = Release|Any CPU
		{8DA4D22C-246F-4294-B533-561D0B5F514F}.Release|Any CPU.Build.0 = Release|Any CPU
		{8DA4D22C-246F-4294-B533-561D0B5F514F}.Release|ARM.ActiveCfg = Release|Any CPU
		{8DA4D22C-246F-4294-B533-561D0B5F514F}.Release|ARM.Build.0 = Release|Any CPU
		{8DA4D22C-246F-4294-B533-561D0B5F514F}.Release|ARM64.ActiveCfg = Release|Any CPU
		{8DA4D22C-246F-4294-B533-561D0B5F514F}.Release|ARM64.Build.0 = Release|Any CPU
		{8DA4D22C-246F-4294-B533-561D0B5F514F}.Release|iPhone.ActiveCfg = Release|Any CPU
		{8DA4D22C-246F-4294-B533-561D0B5F514F}.Release|iPhone.Build.0 = Release|Any CPU
		{8DA4D22C-246F-4294-B533-561D0B5F514F}.Release|iPhoneSimulator.ActiveCfg = Release|Any CPU
		{8DA4D22C-246F-4294-B533-561D0B5F514F}.Release|iPhoneSimulator.Build.0 = Release|Any CPU
		{8DA4D22C-246F-4294-B533-561D0B5F514F}.Release|x64.ActiveCfg = Release|Any CPU
		{8DA4D22C-246F-4294-B533-561D0B5F514F}.Release|x64.Build.0 = Release|Any CPU
		{8DA4D22C-246F-4294-B533-561D0B5F514F}.Release|x86.ActiveCfg = Release|Any CPU
		{8DA4D22C-246F-4294-B533-561D0B5F514F}.Release|x86.Build.0 = Release|Any CPU
		{059F644F-E0DC-42ED-8BFB-BAF916EDDAF6}.Ad-Hoc|Any CPU.ActiveCfg = Debug|Any CPU
		{059F644F-E0DC-42ED-8BFB-BAF916EDDAF6}.Ad-Hoc|Any CPU.Build.0 = Debug|Any CPU
		{059F644F-E0DC-42ED-8BFB-BAF916EDDAF6}.Ad-Hoc|ARM.ActiveCfg = Debug|Any CPU
		{059F644F-E0DC-42ED-8BFB-BAF916EDDAF6}.Ad-Hoc|ARM.Build.0 = Debug|Any CPU
		{059F644F-E0DC-42ED-8BFB-BAF916EDDAF6}.Ad-Hoc|ARM64.ActiveCfg = Debug|Any CPU
		{059F644F-E0DC-42ED-8BFB-BAF916EDDAF6}.Ad-Hoc|ARM64.Build.0 = Debug|Any CPU
		{059F644F-E0DC-42ED-8BFB-BAF916EDDAF6}.Ad-Hoc|iPhone.ActiveCfg = Debug|Any CPU
		{059F644F-E0DC-42ED-8BFB-BAF916EDDAF6}.Ad-Hoc|iPhone.Build.0 = Debug|Any CPU
		{059F644F-E0DC-42ED-8BFB-BAF916EDDAF6}.Ad-Hoc|iPhoneSimulator.ActiveCfg = Debug|Any CPU
		{059F644F-E0DC-42ED-8BFB-BAF916EDDAF6}.Ad-Hoc|iPhoneSimulator.Build.0 = Debug|Any CPU
		{059F644F-E0DC-42ED-8BFB-BAF916EDDAF6}.Ad-Hoc|x64.ActiveCfg = Debug|Any CPU
		{059F644F-E0DC-42ED-8BFB-BAF916EDDAF6}.Ad-Hoc|x64.Build.0 = Debug|Any CPU
		{059F644F-E0DC-42ED-8BFB-BAF916EDDAF6}.Ad-Hoc|x86.ActiveCfg = Debug|Any CPU
		{059F644F-E0DC-42ED-8BFB-BAF916EDDAF6}.Ad-Hoc|x86.Build.0 = Debug|Any CPU
		{059F644F-E0DC-42ED-8BFB-BAF916EDDAF6}.AppStore|Any CPU.ActiveCfg = Debug|Any CPU
		{059F644F-E0DC-42ED-8BFB-BAF916EDDAF6}.AppStore|Any CPU.Build.0 = Debug|Any CPU
		{059F644F-E0DC-42ED-8BFB-BAF916EDDAF6}.AppStore|ARM.ActiveCfg = Debug|Any CPU
		{059F644F-E0DC-42ED-8BFB-BAF916EDDAF6}.AppStore|ARM.Build.0 = Debug|Any CPU
		{059F644F-E0DC-42ED-8BFB-BAF916EDDAF6}.AppStore|ARM64.ActiveCfg = Debug|Any CPU
		{059F644F-E0DC-42ED-8BFB-BAF916EDDAF6}.AppStore|ARM64.Build.0 = Debug|Any CPU
		{059F644F-E0DC-42ED-8BFB-BAF916EDDAF6}.AppStore|iPhone.ActiveCfg = Debug|Any CPU
		{059F644F-E0DC-42ED-8BFB-BAF916EDDAF6}.AppStore|iPhone.Build.0 = Debug|Any CPU
		{059F644F-E0DC-42ED-8BFB-BAF916EDDAF6}.AppStore|iPhoneSimulator.ActiveCfg = Debug|Any CPU
		{059F644F-E0DC-42ED-8BFB-BAF916EDDAF6}.AppStore|iPhoneSimulator.Build.0 = Debug|Any CPU
		{059F644F-E0DC-42ED-8BFB-BAF916EDDAF6}.AppStore|x64.ActiveCfg = Debug|Any CPU
		{059F644F-E0DC-42ED-8BFB-BAF916EDDAF6}.AppStore|x64.Build.0 = Debug|Any CPU
		{059F644F-E0DC-42ED-8BFB-BAF916EDDAF6}.AppStore|x86.ActiveCfg = Debug|Any CPU
		{059F644F-E0DC-42ED-8BFB-BAF916EDDAF6}.AppStore|x86.Build.0 = Debug|Any CPU
		{059F644F-E0DC-42ED-8BFB-BAF916EDDAF6}.Debug|Any CPU.ActiveCfg = Debug|Any CPU
		{059F644F-E0DC-42ED-8BFB-BAF916EDDAF6}.Debug|Any CPU.Build.0 = Debug|Any CPU
		{059F644F-E0DC-42ED-8BFB-BAF916EDDAF6}.Debug|ARM.ActiveCfg = Debug|Any CPU
		{059F644F-E0DC-42ED-8BFB-BAF916EDDAF6}.Debug|ARM.Build.0 = Debug|Any CPU
		{059F644F-E0DC-42ED-8BFB-BAF916EDDAF6}.Debug|ARM64.ActiveCfg = Debug|Any CPU
		{059F644F-E0DC-42ED-8BFB-BAF916EDDAF6}.Debug|ARM64.Build.0 = Debug|Any CPU
		{059F644F-E0DC-42ED-8BFB-BAF916EDDAF6}.Debug|iPhone.ActiveCfg = Debug|Any CPU
		{059F644F-E0DC-42ED-8BFB-BAF916EDDAF6}.Debug|iPhone.Build.0 = Debug|Any CPU
		{059F644F-E0DC-42ED-8BFB-BAF916EDDAF6}.Debug|iPhoneSimulator.ActiveCfg = Debug|Any CPU
		{059F644F-E0DC-42ED-8BFB-BAF916EDDAF6}.Debug|iPhoneSimulator.Build.0 = Debug|Any CPU
		{059F644F-E0DC-42ED-8BFB-BAF916EDDAF6}.Debug|x64.ActiveCfg = Debug|Any CPU
		{059F644F-E0DC-42ED-8BFB-BAF916EDDAF6}.Debug|x64.Build.0 = Debug|Any CPU
		{059F644F-E0DC-42ED-8BFB-BAF916EDDAF6}.Debug|x86.ActiveCfg = Debug|Any CPU
		{059F644F-E0DC-42ED-8BFB-BAF916EDDAF6}.Debug|x86.Build.0 = Debug|Any CPU
		{059F644F-E0DC-42ED-8BFB-BAF916EDDAF6}.Release|Any CPU.ActiveCfg = Release|Any CPU
		{059F644F-E0DC-42ED-8BFB-BAF916EDDAF6}.Release|Any CPU.Build.0 = Release|Any CPU
		{059F644F-E0DC-42ED-8BFB-BAF916EDDAF6}.Release|ARM.ActiveCfg = Release|Any CPU
		{059F644F-E0DC-42ED-8BFB-BAF916EDDAF6}.Release|ARM.Build.0 = Release|Any CPU
		{059F644F-E0DC-42ED-8BFB-BAF916EDDAF6}.Release|ARM64.ActiveCfg = Release|Any CPU
		{059F644F-E0DC-42ED-8BFB-BAF916EDDAF6}.Release|ARM64.Build.0 = Release|Any CPU
		{059F644F-E0DC-42ED-8BFB-BAF916EDDAF6}.Release|iPhone.ActiveCfg = Release|Any CPU
		{059F644F-E0DC-42ED-8BFB-BAF916EDDAF6}.Release|iPhone.Build.0 = Release|Any CPU
		{059F644F-E0DC-42ED-8BFB-BAF916EDDAF6}.Release|iPhoneSimulator.ActiveCfg = Release|Any CPU
		{059F644F-E0DC-42ED-8BFB-BAF916EDDAF6}.Release|iPhoneSimulator.Build.0 = Release|Any CPU
		{059F644F-E0DC-42ED-8BFB-BAF916EDDAF6}.Release|x64.ActiveCfg = Release|Any CPU
		{059F644F-E0DC-42ED-8BFB-BAF916EDDAF6}.Release|x64.Build.0 = Release|Any CPU
		{059F644F-E0DC-42ED-8BFB-BAF916EDDAF6}.Release|x86.ActiveCfg = Release|Any CPU
		{059F644F-E0DC-42ED-8BFB-BAF916EDDAF6}.Release|x86.Build.0 = Release|Any CPU
	EndGlobalSection
	GlobalSection(SolutionProperties) = preSolution
		HideSolutionNode = FALSE
	EndGlobalSection
	GlobalSection(NestedProjects) = preSolution
		{8E560C34-973B-4524-BB1D-66E114DC66F4} = {B43090F9-32B9-436F-A732-4A20A6F8C120}
		{02574418-B7C7-40B7-93FE-9B627B075594} = {B43090F9-32B9-436F-A732-4A20A6F8C120}
		{58623181-4F92-47C4-B003-96F159815A7A} = {B43090F9-32B9-436F-A732-4A20A6F8C120}
		{0A9633AF-180B-458E-AB2B-5D0C3D8F5CE2} = {B43090F9-32B9-436F-A732-4A20A6F8C120}
		{D4CF2463-0175-4C3F-B247-3E2234F61EDB} = {B43090F9-32B9-436F-A732-4A20A6F8C120}
		{AD03C72C-57B6-429E-A1F5-DD5A6B61A2D5} = {B43090F9-32B9-436F-A732-4A20A6F8C120}
		{338345F3-841A-490E-A5EB-C37744A62457} = {B43090F9-32B9-436F-A732-4A20A6F8C120}
		{8DA4D22C-246F-4294-B533-561D0B5F514F} = {B43090F9-32B9-436F-A732-4A20A6F8C120}
		{059F644F-E0DC-42ED-8BFB-BAF916EDDAF6} = {B43090F9-32B9-436F-A732-4A20A6F8C120}
	EndGlobalSection
	GlobalSection(ExtensibilityGlobals) = postSolution
		SolutionGuid = {81D894B2-0794-492A-A4AA-C08F9C79F233}
	EndGlobalSection
EndGlobal
